// !$*UTF8*$!
{
	archiveVersion = 1;
	classes = {
	};
	objectVersion = 48;
	objects = {

/* Begin PBXBuildFile section */
		B65A66EB208F386E00B6351A /* AppDelegate.m in Sources */ = {isa = PBXBuildFile; fileRef = B65A66EA208F386E00B6351A /* AppDelegate.m */; };
		B65A66EE208F386E00B6351A /* ViewController.m in Sources */ = {isa = PBXBuildFile; fileRef = B65A66ED208F386E00B6351A /* ViewController.m */; };
		B65A66F1208F386E00B6351A /* Main.storyboard in Resources */ = {isa = PBXBuildFile; fileRef = B65A66EF208F386E00B6351A /* Main.storyboard */; };
		B65A66F3208F386E00B6351A /* Assets.xcassets in Resources */ = {isa = PBXBuildFile; fileRef = B65A66F2208F386E00B6351A /* Assets.xcassets */; };
		B65A66F6208F386E00B6351A /* LaunchScreen.storyboard in Resources */ = {isa = PBXBuildFile; fileRef = B65A66F4208F386E00B6351A /* LaunchScreen.storyboard */; };
		B65A66F9208F386E00B6351A /* main.m in Sources */ = {isa = PBXBuildFile; fileRef = B65A66F8208F386E00B6351A /* main.m */; };
		B65A6703208F386E00B6351A /* PackDemo_masterTests.m in Sources */ = {isa = PBXBuildFile; fileRef = B65A6702208F386E00B6351A /* PackDemo_masterTests.m */; };
		B65A670E208F386F00B6351A /* PackDemo_masterUITests.m in Sources */ = {isa = PBXBuildFile; fileRef = B65A670D208F386F00B6351A /* PackDemo_masterUITests.m */; };
/* End PBXBuildFile section */

/* Begin PBXContainerItemProxy section */
		B65A66FF208F386E00B6351A /* PBXContainerItemProxy */ = {
			isa = PBXContainerItemProxy;
			containerPortal = B65A66DE208F386E00B6351A /* Project object */;
			proxyType = 1;
			remoteGlobalIDString = B65A66E5208F386E00B6351A;
			remoteInfo = "PackDemo-master";
		};
		B65A670A208F386F00B6351A /* PBXContainerItemProxy */ = {
			isa = PBXContainerItemProxy;
			containerPortal = B65A66DE208F386E00B6351A /* Project object */;
			proxyType = 1;
			remoteGlobalIDString = B65A66E5208F386E00B6351A;
			remoteInfo = "PackDemo-master";
		};
/* End PBXContainerItemProxy section */

/* Begin PBXFileReference section */
		B65A66E6208F386E00B6351A /* PackDemo-master.app */ = {isa = PBXFileReference; explicitFileType = wrapper.application; includeInIndex = 0; path = "PackDemo-master.app"; sourceTree = BUILT_PRODUCTS_DIR; };
		B65A66E9208F386E00B6351A /* AppDelegate.h */ = {isa = PBXFileReference; lastKnownFileType = sourcecode.c.h; path = AppDelegate.h; sourceTree = "<group>"; };
		B65A66EA208F386E00B6351A /* AppDelegate.m */ = {isa = PBXFileReference; lastKnownFileType = sourcecode.c.objc; path = AppDelegate.m; sourceTree = "<group>"; };
		B65A66EC208F386E00B6351A /* ViewController.h */ = {isa = PBXFileReference; lastKnownFileType = sourcecode.c.h; path = ViewController.h; sourceTree = "<group>"; };
		B65A66ED208F386E00B6351A /* ViewController.m */ = {isa = PBXFileReference; lastKnownFileType = sourcecode.c.objc; path = ViewController.m; sourceTree = "<group>"; };
		B65A66F0208F386E00B6351A /* Base */ = {isa = PBXFileReference; lastKnownFileType = file.storyboard; name = Base; path = Base.lproj/Main.storyboard; sourceTree = "<group>"; };
		B65A66F2208F386E00B6351A /* Assets.xcassets */ = {isa = PBXFileReference; lastKnownFileType = folder.assetcatalog; path = Assets.xcassets; sourceTree = "<group>"; };
		B65A66F5208F386E00B6351A /* Base */ = {isa = PBXFileReference; lastKnownFileType = file.storyboard; name = Base; path = Base.lproj/LaunchScreen.storyboard; sourceTree = "<group>"; };
		B65A66F7208F386E00B6351A /* Info.plist */ = {isa = PBXFileReference; lastKnownFileType = text.plist.xml; path = Info.plist; sourceTree = "<group>"; };
		B65A66F8208F386E00B6351A /* main.m */ = {isa = PBXFileReference; lastKnownFileType = sourcecode.c.objc; path = main.m; sourceTree = "<group>"; };
		B65A66FE208F386E00B6351A /* PackDemo-masterTests.xctest */ = {isa = PBXFileReference; explicitFileType = wrapper.cfbundle; includeInIndex = 0; path = "PackDemo-masterTests.xctest"; sourceTree = BUILT_PRODUCTS_DIR; };
		B65A6702208F386E00B6351A /* PackDemo_masterTests.m */ = {isa = PBXFileReference; lastKnownFileType = sourcecode.c.objc; path = PackDemo_masterTests.m; sourceTree = "<group>"; };
		B65A6704208F386E00B6351A /* Info.plist */ = {isa = PBXFileReference; lastKnownFileType = text.plist.xml; path = Info.plist; sourceTree = "<group>"; };
		B65A6709208F386F00B6351A /* PackDemo-masterUITests.xctest */ = {isa = PBXFileReference; explicitFileType = wrapper.cfbundle; includeInIndex = 0; path = "PackDemo-masterUITests.xctest"; sourceTree = BUILT_PRODUCTS_DIR; };
		B65A670D208F386F00B6351A /* PackDemo_masterUITests.m */ = {isa = PBXFileReference; lastKnownFileType = sourcecode.c.objc; path = PackDemo_masterUITests.m; sourceTree = "<group>"; };
		B65A670F208F386F00B6351A /* Info.plist */ = {isa = PBXFileReference; lastKnownFileType = text.plist.xml; path = Info.plist; sourceTree = "<group>"; };
/* End PBXFileReference section */

/* Begin PBXFrameworksBuildPhase section */
		B65A66E3208F386E00B6351A /* Frameworks */ = {
			isa = PBXFrameworksBuildPhase;
			buildActionMask = 2147483647;
			files = (
			);
			runOnlyForDeploymentPostprocessing = 0;
		};
		B65A66FB208F386E00B6351A /* Frameworks */ = {
			isa = PBXFrameworksBuildPhase;
			buildActionMask = 2147483647;
			files = (
			);
			runOnlyForDeploymentPostprocessing = 0;
		};
		B65A6706208F386F00B6351A /* Frameworks */ = {
			isa = PBXFrameworksBuildPhase;
			buildActionMask = 2147483647;
			files = (
			);
			runOnlyForDeploymentPostprocessing = 0;
		};
/* End PBXFrameworksBuildPhase section */

/* Begin PBXGroup section */
		B65A66DD208F386E00B6351A = {
			isa = PBXGroup;
			children = (
				B65A66E8208F386E00B6351A /* PackDemo-master */,
				B65A6701208F386E00B6351A /* PackDemo-masterTests */,
				B65A670C208F386F00B6351A /* PackDemo-masterUITests */,
				B65A66E7208F386E00B6351A /* Products */,
			);
			sourceTree = "<group>";
		};
		B65A66E7208F386E00B6351A /* Products */ = {
			isa = PBXGroup;
			children = (
				B65A66E6208F386E00B6351A /* PackDemo-master.app */,
				B65A66FE208F386E00B6351A /* PackDemo-masterTests.xctest */,
				B65A6709208F386F00B6351A /* PackDemo-masterUITests.xctest */,
			);
			name = Products;
			sourceTree = "<group>";
		};
		B65A66E8208F386E00B6351A /* PackDemo-master */ = {
			isa = PBXGroup;
			children = (
				B65A66E9208F386E00B6351A /* AppDelegate.h */,
				B65A66EA208F386E00B6351A /* AppDelegate.m */,
				B65A66EC208F386E00B6351A /* ViewController.h */,
				B65A66ED208F386E00B6351A /* ViewController.m */,
				B65A66EF208F386E00B6351A /* Main.storyboard */,
				B65A66F2208F386E00B6351A /* Assets.xcassets */,
				B65A66F4208F386E00B6351A /* LaunchScreen.storyboard */,
				B65A66F7208F386E00B6351A /* Info.plist */,
				B65A66F8208F386E00B6351A /* main.m */,
			);
			path = "PackDemo-master";
			sourceTree = "<group>";
		};
		B65A6701208F386E00B6351A /* PackDemo-masterTests */ = {
			isa = PBXGroup;
			children = (
				B65A6702208F386E00B6351A /* PackDemo_masterTests.m */,
				B65A6704208F386E00B6351A /* Info.plist */,
			);
			path = "PackDemo-masterTests";
			sourceTree = "<group>";
		};
		B65A670C208F386F00B6351A /* PackDemo-masterUITests */ = {
			isa = PBXGroup;
			children = (
				B65A670D208F386F00B6351A /* PackDemo_masterUITests.m */,
				B65A670F208F386F00B6351A /* Info.plist */,
			);
			path = "PackDemo-masterUITests";
			sourceTree = "<group>";
		};
/* End PBXGroup section */

/* Begin PBXNativeTarget section */
		B65A66E5208F386E00B6351A /* PackDemo-master */ = {
			isa = PBXNativeTarget;
			buildConfigurationList = B65A6712208F386F00B6351A /* Build configuration list for PBXNativeTarget "PackDemo-master" */;
			buildPhases = (
				B65A66E2208F386E00B6351A /* Sources */,
				B65A66E3208F386E00B6351A /* Frameworks */,
				B65A66E4208F386E00B6351A /* Resources */,
			);
			buildRules = (
			);
			dependencies = (
			);
			name = "PackDemo-master";
			productName = "PackDemo-master";
			productReference = B65A66E6208F386E00B6351A /* PackDemo-master.app */;
			productType = "com.apple.product-type.application";
		};
		B65A66FD208F386E00B6351A /* PackDemo-masterTests */ = {
			isa = PBXNativeTarget;
			buildConfigurationList = B65A6715208F386F00B6351A /* Build configuration list for PBXNativeTarget "PackDemo-masterTests" */;
			buildPhases = (
				B65A66FA208F386E00B6351A /* Sources */,
				B65A66FB208F386E00B6351A /* Frameworks */,
				B65A66FC208F386E00B6351A /* Resources */,
			);
			buildRules = (
			);
			dependencies = (
				B65A6700208F386E00B6351A /* PBXTargetDependency */,
			);
			name = "PackDemo-masterTests";
			productName = "PackDemo-masterTests";
			productReference = B65A66FE208F386E00B6351A /* PackDemo-masterTests.xctest */;
			productType = "com.apple.product-type.bundle.unit-test";
		};
		B65A6708208F386F00B6351A /* PackDemo-masterUITests */ = {
			isa = PBXNativeTarget;
			buildConfigurationList = B65A6718208F386F00B6351A /* Build configuration list for PBXNativeTarget "PackDemo-masterUITests" */;
			buildPhases = (
				B65A6705208F386F00B6351A /* Sources */,
				B65A6706208F386F00B6351A /* Frameworks */,
				B65A6707208F386F00B6351A /* Resources */,
			);
			buildRules = (
			);
			dependencies = (
				B65A670B208F386F00B6351A /* PBXTargetDependency */,
			);
			name = "PackDemo-masterUITests";
			productName = "PackDemo-masterUITests";
			productReference = B65A6709208F386F00B6351A /* PackDemo-masterUITests.xctest */;
			productType = "com.apple.product-type.bundle.ui-testing";
		};
/* End PBXNativeTarget section */

/* Begin PBXProject section */
		B65A66DE208F386E00B6351A /* Project object */ = {
			isa = PBXProject;
			attributes = {
				LastUpgradeCheck = 0910;
				ORGANIZATIONNAME = TL;
				TargetAttributes = {
					B65A66E5208F386E00B6351A = {
						CreatedOnToolsVersion = 9.1;
						ProvisioningStyle = Automatic;
					};
					B65A66FD208F386E00B6351A = {
						CreatedOnToolsVersion = 9.1;
						ProvisioningStyle = Automatic;
						TestTargetID = B65A66E5208F386E00B6351A;
					};
					B65A6708208F386F00B6351A = {
						CreatedOnToolsVersion = 9.1;
						ProvisioningStyle = Automatic;
						TestTargetID = B65A66E5208F386E00B6351A;
					};
				};
			};
			buildConfigurationList = B65A66E1208F386E00B6351A /* Build configuration list for PBXProject "PackDemo-master" */;
			compatibilityVersion = "Xcode 8.0";
			developmentRegion = en;
			hasScannedForEncodings = 0;
			knownRegions = (
				en,
				Base,
			);
			mainGroup = B65A66DD208F386E00B6351A;
			productRefGroup = B65A66E7208F386E00B6351A /* Products */;
			projectDirPath = "";
			projectRoot = "";
			targets = (
				B65A66E5208F386E00B6351A /* PackDemo-master */,
				B65A66FD208F386E00B6351A /* PackDemo-masterTests */,
				B65A6708208F386F00B6351A /* PackDemo-masterUITests */,
			);
		};
/* End PBXProject section */

/* Begin PBXResourcesBuildPhase section */
		B65A66E4208F386E00B6351A /* Resources */ = {
			isa = PBXResourcesBuildPhase;
			buildActionMask = 2147483647;
			files = (
				B65A66F6208F386E00B6351A /* LaunchScreen.storyboard in Resources */,
				B65A66F3208F386E00B6351A /* Assets.xcassets in Resources */,
				B65A66F1208F386E00B6351A /* Main.storyboard in Resources */,
			);
			runOnlyForDeploymentPostprocessing = 0;
		};
		B65A66FC208F386E00B6351A /* Resources */ = {
			isa = PBXResourcesBuildPhase;
			buildActionMask = 2147483647;
			files = (
			);
			runOnlyForDeploymentPostprocessing = 0;
		};
		B65A6707208F386F00B6351A /* Resources */ = {
			isa = PBXResourcesBuildPhase;
			buildActionMask = 2147483647;
			files = (
			);
			runOnlyForDeploymentPostprocessing = 0;
		};
/* End PBXResourcesBuildPhase section */

/* Begin PBXSourcesBuildPhase section */
		B65A66E2208F386E00B6351A /* Sources */ = {
			isa = PBXSourcesBuildPhase;
			buildActionMask = 2147483647;
			files = (
				B65A66EE208F386E00B6351A /* ViewController.m in Sources */,
				B65A66F9208F386E00B6351A /* main.m in Sources */,
				B65A66EB208F386E00B6351A /* AppDelegate.m in Sources */,
			);
			runOnlyForDeploymentPostprocessing = 0;
		};
		B65A66FA208F386E00B6351A /* Sources */ = {
			isa = PBXSourcesBuildPhase;
			buildActionMask = 2147483647;
			files = (
				B65A6703208F386E00B6351A /* PackDemo_masterTests.m in Sources */,
			);
			runOnlyForDeploymentPostprocessing = 0;
		};
		B65A6705208F386F00B6351A /* Sources */ = {
			isa = PBXSourcesBuildPhase;
			buildActionMask = 2147483647;
			files = (
				B65A670E208F386F00B6351A /* PackDemo_masterUITests.m in Sources */,
			);
			runOnlyForDeploymentPostprocessing = 0;
		};
/* End PBXSourcesBuildPhase section */

/* Begin PBXTargetDependency section */
		B65A6700208F386E00B6351A /* PBXTargetDependency */ = {
			isa = PBXTargetDependency;
			target = B65A66E5208F386E00B6351A /* PackDemo-master */;
			targetProxy = B65A66FF208F386E00B6351A /* PBXContainerItemProxy */;
		};
		B65A670B208F386F00B6351A /* PBXTargetDependency */ = {
			isa = PBXTargetDependency;
			target = B65A66E5208F386E00B6351A /* PackDemo-master */;
			targetProxy = B65A670A208F386F00B6351A /* PBXContainerItemProxy */;
		};
/* End PBXTargetDependency section */

/* Begin PBXVariantGroup section */
		B65A66EF208F386E00B6351A /* Main.storyboard */ = {
			isa = PBXVariantGroup;
			children = (
				B65A66F0208F386E00B6351A /* Base */,
			);
			name = Main.storyboard;
			sourceTree = "<group>";
		};
		B65A66F4208F386E00B6351A /* LaunchScreen.storyboard */ = {
			isa = PBXVariantGroup;
			children = (
				B65A66F5208F386E00B6351A /* Base */,
			);
			name = LaunchScreen.storyboard;
			sourceTree = "<group>";
		};
/* End PBXVariantGroup section */

/* Begin XCBuildConfiguration section */
		B65A6710208F386F00B6351A /* Debug */ = {
			isa = XCBuildConfiguration;
			buildSettings = {
				ALWAYS_SEARCH_USER_PATHS = NO;
				CLANG_ANALYZER_NONNULL = YES;
				CLANG_ANALYZER_NUMBER_OBJECT_CONVERSION = YES_AGGRESSIVE;
				CLANG_CXX_LANGUAGE_STANDARD = "gnu++14";
				CLANG_CXX_LIBRARY = "libc++";
				CLANG_ENABLE_MODULES = YES;
				CLANG_ENABLE_OBJC_ARC = YES;
				CLANG_WARN_BLOCK_CAPTURE_AUTORELEASING = YES;
				CLANG_WARN_BOOL_CONVERSION = YES;
				CLANG_WARN_COMMA = YES;
				CLANG_WARN_CONSTANT_CONVERSION = YES;
				CLANG_WARN_DIRECT_OBJC_ISA_USAGE = YES_ERROR;
				CLANG_WARN_DOCUMENTATION_COMMENTS = YES;
				CLANG_WARN_EMPTY_BODY = YES;
				CLANG_WARN_ENUM_CONVERSION = YES;
				CLANG_WARN_INFINITE_RECURSION = YES;
				CLANG_WARN_INT_CONVERSION = YES;
				CLANG_WARN_NON_LITERAL_NULL_CONVERSION = YES;
				CLANG_WARN_OBJC_LITERAL_CONVERSION = YES;
				CLANG_WARN_OBJC_ROOT_CLASS = YES_ERROR;
				CLANG_WARN_RANGE_LOOP_ANALYSIS = YES;
				CLANG_WARN_STRICT_PROTOTYPES = YES;
				CLANG_WARN_SUSPICIOUS_MOVE = YES;
				CLANG_WARN_UNGUARDED_AVAILABILITY = YES_AGGRESSIVE;
				CLANG_WARN_UNREACHABLE_CODE = YES;
				CLANG_WARN__DUPLICATE_METHOD_MATCH = YES;
				CODE_SIGN_IDENTITY = "iPhone Developer";
				COPY_PHASE_STRIP = NO;
				DEBUG_INFORMATION_FORMAT = dwarf;
				ENABLE_STRICT_OBJC_MSGSEND = YES;
				ENABLE_TESTABILITY = YES;
				GCC_C_LANGUAGE_STANDARD = gnu11;
				GCC_DYNAMIC_NO_PIC = NO;
				GCC_NO_COMMON_BLOCKS = YES;
				GCC_OPTIMIZATION_LEVEL = 0;
				GCC_PREPROCESSOR_DEFINITIONS = (
					"DEBUG=1",
					"$(inherited)",
				);
				GCC_WARN_64_TO_32_BIT_CONVERSION = YES;
				GCC_WARN_ABOUT_RETURN_TYPE = YES_ERROR;
				GCC_WARN_UNDECLARED_SELECTOR = YES;
				GCC_WARN_UNINITIALIZED_AUTOS = YES_AGGRESSIVE;
				GCC_WARN_UNUSED_FUNCTION = YES;
				GCC_WARN_UNUSED_VARIABLE = YES;
				IPHONEOS_DEPLOYMENT_TARGET = 11.1;
				MTL_ENABLE_DEBUG_INFO = YES;
				ONLY_ACTIVE_ARCH = YES;
				SDKROOT = iphoneos;
			};
			name = Debug;
		};
		B65A6711208F386F00B6351A /* Release */ = {
			isa = XCBuildConfiguration;
			buildSettings = {
				ALWAYS_SEARCH_USER_PATHS = NO;
				CLANG_ANALYZER_NONNULL = YES;
				CLANG_ANALYZER_NUMBER_OBJECT_CONVERSION = YES_AGGRESSIVE;
				CLANG_CXX_LANGUAGE_STANDARD = "gnu++14";
				CLANG_CXX_LIBRARY = "libc++";
				CLANG_ENABLE_MODULES = YES;
				CLANG_ENABLE_OBJC_ARC = YES;
				CLANG_WARN_BLOCK_CAPTURE_AUTORELEASING = YES;
				CLANG_WARN_BOOL_CONVERSION = YES;
				CLANG_WARN_COMMA = YES;
				CLANG_WARN_CONSTANT_CONVERSION = YES;
				CLANG_WARN_DIRECT_OBJC_ISA_USAGE = YES_ERROR;
				CLANG_WARN_DOCUMENTATION_COMMENTS = YES;
				CLANG_WARN_EMPTY_BODY = YES;
				CLANG_WARN_ENUM_CONVERSION = YES;
				CLANG_WARN_INFINITE_RECURSION = YES;
				CLANG_WARN_INT_CONVERSION = YES;
				CLANG_WARN_NON_LITERAL_NULL_CONVERSION = YES;
				CLANG_WARN_OBJC_LITERAL_CONVERSION = YES;
				CLANG_WARN_OBJC_ROOT_CLASS = YES_ERROR;
				CLANG_WARN_RANGE_LOOP_ANALYSIS = YES;
				CLANG_WARN_STRICT_PROTOTYPES = YES;
				CLANG_WARN_SUSPICIOUS_MOVE = YES;
				CLANG_WARN_UNGUARDED_AVAILABILITY = YES_AGGRESSIVE;
				CLANG_WARN_UNREACHABLE_CODE = YES;
				CLANG_WARN__DUPLICATE_METHOD_MATCH = YES;
				CODE_SIGN_IDENTITY = "iPhone Developer";
				COPY_PHASE_STRIP = NO;
				DEBUG_INFORMATION_FORMAT = "dwarf-with-dsym";
				ENABLE_NS_ASSERTIONS = NO;
				ENABLE_STRICT_OBJC_MSGSEND = YES;
				GCC_C_LANGUAGE_STANDARD = gnu11;
				GCC_NO_COMMON_BLOCKS = YES;
				GCC_WARN_64_TO_32_BIT_CONVERSION = YES;
				GCC_WARN_ABOUT_RETURN_TYPE = YES_ERROR;
				GCC_WARN_UNDECLARED_SELECTOR = YES;
				GCC_WARN_UNINITIALIZED_AUTOS = YES_AGGRESSIVE;
				GCC_WARN_UNUSED_FUNCTION = YES;
				GCC_WARN_UNUSED_VARIABLE = YES;
				IPHONEOS_DEPLOYMENT_TARGET = 11.1;
				MTL_ENABLE_DEBUG_INFO = NO;
				SDKROOT = iphoneos;
				VALIDATE_PRODUCT = YES;
			};
			name = Release;
		};
		B65A6713208F386F00B6351A /* Debug */ = {
			isa = XCBuildConfiguration;
			buildSettings = {
				ASSETCATALOG_COMPILER_APPICON_NAME = AppIcon;
				CODE_SIGN_STYLE = Automatic;
				DEVELOPMENT_TEAM = KY6FB832P8;
				INFOPLIST_FILE = "PackDemo-master/Info.plist";
				IPHONEOS_DEPLOYMENT_TARGET = 9.0;
				LD_RUNPATH_SEARCH_PATHS = "$(inherited) @executable_path/Frameworks";
				PRODUCT_BUNDLE_IDENTIFIER = "com.SSQJ.PackDemo-master";
				PRODUCT_NAME = "$(TARGET_NAME)";
				TARGETED_DEVICE_FAMILY = 1;
			};
			name = Debug;
		};
		B65A6714208F386F00B6351A /* Release */ = {
			isa = XCBuildConfiguration;
			buildSettings = {
				ASSETCATALOG_COMPILER_APPICON_NAME = AppIcon;
				CODE_SIGN_STYLE = Automatic;
				DEVELOPMENT_TEAM = KY6FB832P8;
				INFOPLIST_FILE = "PackDemo-master/Info.plist";
				IPHONEOS_DEPLOYMENT_TARGET = 9.0;
				LD_RUNPATH_SEARCH_PATHS = "$(inherited) @executable_path/Frameworks";
				PRODUCT_BUNDLE_IDENTIFIER = "com.SSQJ.PackDemo-master";
				PRODUCT_NAME = "$(TARGET_NAME)";
				TARGETED_DEVICE_FAMILY = 1;
			};
			name = Release;
		};
		B65A6716208F386F00B6351A /* Debug */ = {
			isa = XCBuildConfiguration;
			buildSettings = {
				BUNDLE_LOADER = "$(TEST_HOST)";
				CODE_SIGN_STYLE = Automatic;
				DEVELOPMENT_TEAM = KY6FB832P8;
				INFOPLIST_FILE = "PackDemo-masterTests/Info.plist";
				LD_RUNPATH_SEARCH_PATHS = "$(inherited) @executable_path/Frameworks @loader_path/Frameworks";
				PRODUCT_BUNDLE_IDENTIFIER = "com.SSQJ.PackDemo-masterTests";
				PRODUCT_NAME = "$(TARGET_NAME)";
				TARGETED_DEVICE_FAMILY = "1,2";
				TEST_HOST = "$(BUILT_PRODUCTS_DIR)/PackDemo-master.app/PackDemo-master";
			};
			name = Debug;
		};
		B65A6717208F386F00B6351A /* Release */ = {
			isa = XCBuildConfiguration;
			buildSettings = {
				BUNDLE_LOADER = "$(TEST_HOST)";
				CODE_SIGN_STYLE = Automatic;
				DEVELOPMENT_TEAM = KY6FB832P8;
				INFOPLIST_FILE = "PackDemo-masterTests/Info.plist";
				LD_RUNPATH_SEARCH_PATHS = "$(inherited) @executable_path/Frameworks @loader_path/Frameworks";
				PRODUCT_BUNDLE_IDENTIFIER = "com.SSQJ.PackDemo-masterTests";
				PRODUCT_NAME = "$(TARGET_NAME)";
				TARGETED_DEVICE_FAMILY = "1,2";
				TEST_HOST = "$(BUILT_PRODUCTS_DIR)/PackDemo-master.app/PackDemo-master";
			};
			name = Release;
		};
		B65A6719208F386F00B6351A /* Debug */ = {
			isa = XCBuildConfiguration;
			buildSettings = {
				CODE_SIGN_STYLE = Automatic;
				DEVELOPMENT_TEAM = KY6FB832P8;
				INFOPLIST_FILE = "PackDemo-masterUITests/Info.plist";
				LD_RUNPATH_SEARCH_PATHS = "$(inherited) @executable_path/Frameworks @loader_path/Frameworks";
				PRODUCT_BUNDLE_IDENTIFIER = "com.SSQJ.PackDemo-masterUITests";
				PRODUCT_NAME = "$(TARGET_NAME)";
				TARGETED_DEVICE_FAMILY = "1,2";
				TEST_TARGET_NAME = "PackDemo-master";
			};
			name = Debug;
		};
		B65A671A208F386F00B6351A /* Release */ = {
			isa = XCBuildConfiguration;
			buildSettings = {
				CODE_SIGN_STYLE = Automatic;
				DEVELOPMENT_TEAM = KY6FB832P8;
				INFOPLIST_FILE = "PackDemo-masterUITests/Info.plist";
				LD_RUNPATH_SEARCH_PATHS = "$(inherited) @executable_path/Frameworks @loader_path/Frameworks";
				PRODUCT_BUNDLE_IDENTIFIER = "com.SSQJ.PackDemo-masterUITests";
				PRODUCT_NAME = "$(TARGET_NAME)";
				TARGETED_DEVICE_FAMILY = "1,2";
				TEST_TARGET_NAME = "PackDemo-master";
			};
			name = Release;
		};
/* End XCBuildConfiguration section */

/* Begin XCConfigurationList section */
		B65A66E1208F386E00B6351A /* Build configuration list for PBXProject "PackDemo-master" */ = {
			isa = XCConfigurationList;
			buildConfigurations = (
				B65A6710208F386F00B6351A /* Debug */,
				B65A6711208F386F00B6351A /* Release */,
			);
			defaultConfigurationIsVisible = 0;
			defaultConfigurationName = Release;
		};
		B65A6712208F386F00B6351A /* Build configuration list for PBXNativeTarget "PackDemo-master" */ = {
			isa = XCConfigurationList;
			buildConfigurations = (
				B65A6713208F386F00B6351A /* Debug */,
				B65A6714208F386F00B6351A /* Release */,
			);
			defaultConfigurationIsVisible = 0;
			defaultConfigurationName = Release;
		};
		B65A6715208F386F00B6351A /* Build configuration list for PBXNativeTarget "PackDemo-masterTests" */ = {
			isa = XCConfigurationList;
			buildConfigurations = (
				B65A6716208F386F00B6351A /* Debug */,
				B65A6717208F386F00B6351A /* Release */,
			);
			defaultConfigurationIsVisible = 0;
			defaultConfigurationName = Release;
		};
		B65A6718208F386F00B6351A /* Build configuration list for PBXNativeTarget "PackDemo-masterUITests" */ = {
			isa = XCConfigurationList;
			buildConfigurations = (
				B65A6719208F386F00B6351A /* Debug */,
				B65A671A208F386F00B6351A /* Release */,
			);
			defaultConfigurationIsVisible = 0;
			defaultConfigurationName = Release;
		};
/* End XCConfigurationList section */
	};
	rootObject = B65A66DE208F386E00B6351A /* Project object */;
}
